
Microsoft Visual Studio Solution File, Format Version 12.00
Project("{FAE04EC0-301F-11D3-BF4B-00C04F79EFBC}") = "gRPCGreeter", "gRPCGreeter\gRPCGreeter.csproj", "{F4311E9D-502E-4807-91CB-D73DA6223F49}"
EndProject
Global
	GlobalSection(SolutionConfigurationPlatforms) = preSolution
		Debug|Any CPU = Debug|Any CPU
		Release|Any CPU = Release|Any CPU
	EndGlobalSection
	GlobalSection(ProjectConfigurationPlatforms) = postSolution
		{F4311E9D-502E-4807-91CB-D73DA6223F49}.Debug|Any CPU.ActiveCfg = Debug|Any CPU
		{F4311E9D-502E-4807-91CB-D73DA6223F49}.Debug|Any CPU.Build.0 = Debug|Any CPU
		{F4311E9D-502E-4807-91CB-D73DA6223F49}.Release|Any CPU.ActiveCfg = Release|Any CPU
		{F4311E9D-502E-4807-91CB-D73DA6223F49}.Release|Any CPU.Build.0 = Release|Any CPU
	EndGlobalSection
EndGlobal
