
Microsoft Visual Studio Solution File, Format Version 12.00
# Visual Studio Version 17
VisualStudioVersion = 17.5.002.0
MinimumVisualStudioVersion = 10.0.40219.1
Project("{9A19103F-16F7-4668-BE54-9A1E7A4F7556}") = "ConsoleApp", "ConsoleApp.csproj", "{DC01375F-AD35-434A-B941-7F2606358571}"
EndProject
Global
	GlobalSection(SolutionConfigurationPlatforms) = preSolution
		Debug|Any CPU = Debug|Any CPU
		Release|Any CPU = Release|Any CPU
	EndGlobalSection
	GlobalSection(ProjectConfigurationPlatforms) = postSolution
		{DC01375F-AD35-434A-B941-7F2606358571}.Debug|Any CPU.ActiveCfg = Debug|Any CPU
		{DC01375F-AD35-434A-B941-7F2606358571}.Debug|Any CPU.Build.0 = Debug|Any CPU
		{DC01375F-AD35-434A-B941-7F2606358571}.Release|Any CPU.ActiveCfg = Release|Any CPU
		{DC01375F-AD35-434A-B941-7F2606358571}.Release|Any CPU.Build.0 = Release|Any CPU
	EndGlobalSection
	GlobalSection(SolutionProperties) = preSolution
		HideSolutionNode = FALSE
	EndGlobalSection
	GlobalSection(ExtensibilityGlobals) = postSolution
		SolutionGuid = {2574F6A6-08B1-4B37-90F4-3D4E71A91E66}
	EndGlobalSection
EndGlobal
